
Microsoft Visual Studio Solution File, Format Version 12.00
# Visual Studio Version 17
VisualStudioVersion = 17.11.34909.67
MinimumVisualStudioVersion = 10.0.40219.1
Project("{FAE04EC0-301F-11D3-BF4B-00C04F79EFBC}") = "JLBWPF", "JLBWPF.csproj", "{58046591-C5D9-4D98-B03C-71AA6E36A306}"
EndProject
Project("{FAE04EC0-301F-11D3-BF4B-00C04F79EFBC}") = "IO.Swagger", "..\..\..\Desktop\swagger - Copy\src\IO.Swagger\IO.Swagger.csproj", "{8C04BD7C-16AA-4EB0-88C8-B513EEACCAA0}"
EndProject
Global
	GlobalSection(SolutionConfigurationPlatforms) = preSolution
		Debug|Any CPU = Debug|Any CPU
		Release|Any CPU = Release|Any CPU
	EndGlobalSection
	GlobalSection(ProjectConfigurationPlatforms) = postSolution
		{58046591-C5D9-4D98-B03C-71AA6E36A306}.Debug|Any CPU.ActiveCfg = Debug|Any CPU
		{58046591-C5D9-4D98-B03C-71AA6E36A306}.Debug|Any CPU.Build.0 = Debug|Any CPU
		{58046591-C5D9-4D98-B03C-71AA6E36A306}.Release|Any CPU.ActiveCfg = Release|Any CPU
		{58046591-C5D9-4D98-B03C-71AA6E36A306}.Release|Any CPU.Build.0 = Release|Any CPU
		{8C04BD7C-16AA-4EB0-88C8-B513EEACCAA0}.Debug|Any CPU.ActiveCfg = Debug|Any CPU
		{8C04BD7C-16AA-4EB0-88C8-B513EEACCAA0}.Debug|Any CPU.Build.0 = Debug|Any CPU
		{8C04BD7C-16AA-4EB0-88C8-B513EEACCAA0}.Release|Any CPU.ActiveCfg = Release|Any CPU
		{8C04BD7C-16AA-4EB0-88C8-B513EEACCAA0}.Release|Any CPU.Build.0 = Release|Any CPU
	EndGlobalSection
	GlobalSection(SolutionProperties) = preSolution
		HideSolutionNode = FALSE
	EndGlobalSection
	GlobalSection(ExtensibilityGlobals) = postSolution
		SolutionGuid = {571067F5-C3D3-48AC-957D-72D79921194C}
	EndGlobalSection
EndGlobal
